
Microsoft Visual Studio Solution File, Format Version 12.00
# Visual Studio Version 17
VisualStudioVersion = 17.8.34316.72
MinimumVisualStudioVersion = 10.0.40219.1
Project("{FAE04EC0-301F-11D3-BF4B-00C04F79EFBC}") = "GALinkedListDoubly_EdnalynnLaxa", "GALinkedListDoubly_EdnalynnLaxa.csproj", "{70BC0DDA-79C7-4547-B991-E859FEF434F8}"
EndProject
Global
	GlobalSection(SolutionConfigurationPlatforms) = preSolution
		Debug|Any CPU = Debug|Any CPU
		Release|Any CPU = Release|Any CPU
	EndGlobalSection
	GlobalSection(ProjectConfigurationPlatforms) = postSolution
		{70BC0DDA-79C7-4547-B991-E859FEF434F8}.Debug|Any CPU.ActiveCfg = Debug|Any CPU
		{70BC0DDA-79C7-4547-B991-E859FEF434F8}.Debug|Any CPU.Build.0 = Debug|Any CPU
		{70BC0DDA-79C7-4547-B991-E859FEF434F8}.Release|Any CPU.ActiveCfg = Release|Any CPU
		{70BC0DDA-79C7-4547-B991-E859FEF434F8}.Release|Any CPU.Build.0 = Release|Any CPU
	EndGlobalSection
	GlobalSection(SolutionProperties) = preSolution
		HideSolutionNode = FALSE
	EndGlobalSection
	GlobalSection(ExtensibilityGlobals) = postSolution
		SolutionGuid = {CED2A229-98F3-484B-A454-1B7855E28CA9}
	EndGlobalSection
EndGlobal
